// !$*UTF8*$!
{
	archiveVersion = 1;
	classes = {
	};
	objectVersion = 56;
	objects = {

/* Begin PBXBuildFile section */
		4A0000001A000001 /* StartupManagerApp.swift in Sources */ = {isa = PBXBuildFile; fileRef = 4A0000002A000001 /* StartupManagerApp.swift */; };
		4A0000003A000001 /* ContentView.swift in Sources */ = {isa = PBXBuildFile; fileRef = 4A0000004A000001 /* ContentView.swift */; };
		4A0000005A000001 /* Assets.xcassets in Resources */ = {isa = PBXBuildFile; fileRef = 4A0000006A000001 /* Assets.xcassets */; };
		4A0000007A000001 /* LaunchItem.swift in Sources */ = {isa = PBXBuildFile; fileRef = 4A0000008A000001 /* LaunchItem.swift */; };
		4A0000009A000001 /* LoginItem.swift in Sources */ = {isa = PBXBuildFile; fileRef = 4A000000AA000001 /* LoginItem.swift */; };
		4A000000BA000001 /* LaunchAgent.swift in Sources */ = {isa = PBXBuildFile; fileRef = 4A000000CA000001 /* LaunchAgent.swift */; };
		4A000000DA000001 /* LaunchDaemon.swift in Sources */ = {isa = PBXBuildFile; fileRef = 4A000000EA000001 /* LaunchDaemon.swift */; };
		4A000000FA000001 /* PlistParser.swift in Sources */ = {isa = PBXBuildFile; fileRef = 4A0000010A000002 /* PlistParser.swift */; };
		4A0000011A000001 /* LaunchItemManager.swift in Sources */ = {isa = PBXBuildFile; fileRef = 4A0000012A000001 /* LaunchItemManager.swift */; };
		4A0000013A000001 /* TransparentWindowView.swift in Sources */ = {isa = PBXBuildFile; fileRef = 4A0000014A000001 /* TransparentWindowView.swift */; };
		4A0000015A000001 /* LaunchItemRow.swift in Sources */ = {isa = PBXBuildFile; fileRef = 4A0000016A000001 /* LaunchItemRow.swift */; };
		4A0000017A000001 /* ImpactIndicator.swift in Sources */ = {isa = PBXBuildFile; fileRef = 4A0000018A000001 /* ImpactIndicator.swift */; };
		4A0000019A000001 /* SidebarView.swift in Sources */ = {isa = PBXBuildFile; fileRef = 4A0000020A000001 /* SidebarView.swift */; };
		4A0000021A000001 /* DetailPanelView.swift in Sources */ = {isa = PBXBuildFile; fileRef = 4A0000022A000001 /* DetailPanelView.swift */; };
		4A0000024A000001 /* BackupManager.swift in Sources */ = {isa = PBXBuildFile; fileRef = 4A0000025A000001 /* BackupManager.swift */; };
/* End PBXBuildFile section */

/* Begin PBXFileReference section */
		4A0000000A000001 /* StartupManager.app */ = {isa = PBXFileReference; explicitFileType = wrapper.application; includeInIndex = 0; path = StartupManager.app; sourceTree = BUILT_PRODUCTS_DIR; };
		4A0000002A000001 /* StartupManagerApp.swift */ = {isa = PBXFileReference; lastKnownFileType = sourcecode.swift; path = StartupManagerApp.swift; sourceTree = "<group>"; };
		4A0000004A000001 /* ContentView.swift */ = {isa = PBXFileReference; lastKnownFileType = sourcecode.swift; path = ContentView.swift; sourceTree = "<group>"; };
		4A0000006A000001 /* Assets.xcassets */ = {isa = PBXFileReference; lastKnownFileType = folder.assetcatalog; path = Assets.xcassets; sourceTree = "<group>"; };
		4A0000008A000001 /* LaunchItem.swift */ = {isa = PBXFileReference; lastKnownFileType = sourcecode.swift; path = LaunchItem.swift; sourceTree = "<group>"; };
		4A000000AA000001 /* LoginItem.swift */ = {isa = PBXFileReference; lastKnownFileType = sourcecode.swift; path = LoginItem.swift; sourceTree = "<group>"; };
		4A000000CA000001 /* LaunchAgent.swift */ = {isa = PBXFileReference; lastKnownFileType = sourcecode.swift; path = LaunchAgent.swift; sourceTree = "<group>"; };
		4A000000EA000001 /* LaunchDaemon.swift */ = {isa = PBXFileReference; lastKnownFileType = sourcecode.swift; path = LaunchDaemon.swift; sourceTree = "<group>"; };
		4A0000010A000002 /* PlistParser.swift */ = {isa = PBXFileReference; lastKnownFileType = sourcecode.swift; path = PlistParser.swift; sourceTree = "<group>"; };
		4A0000012A000001 /* LaunchItemManager.swift */ = {isa = PBXFileReference; lastKnownFileType = sourcecode.swift; path = LaunchItemManager.swift; sourceTree = "<group>"; };
		4A0000014A000001 /* TransparentWindowView.swift */ = {isa = PBXFileReference; lastKnownFileType = sourcecode.swift; path = TransparentWindowView.swift; sourceTree = "<group>"; };
		4A0000016A000001 /* LaunchItemRow.swift */ = {isa = PBXFileReference; lastKnownFileType = sourcecode.swift; path = LaunchItemRow.swift; sourceTree = "<group>"; };
		4A0000018A000001 /* ImpactIndicator.swift */ = {isa = PBXFileReference; lastKnownFileType = sourcecode.swift; path = ImpactIndicator.swift; sourceTree = "<group>"; };
		4A0000020A000001 /* SidebarView.swift */ = {isa = PBXFileReference; lastKnownFileType = sourcecode.swift; path = SidebarView.swift; sourceTree = "<group>"; };
		4A0000022A000001 /* DetailPanelView.swift */ = {isa = PBXFileReference; lastKnownFileType = sourcecode.swift; path = DetailPanelView.swift; sourceTree = "<group>"; };
		4A0000025A000001 /* BackupManager.swift */ = {isa = PBXFileReference; lastKnownFileType = sourcecode.swift; path = BackupManager.swift; sourceTree = "<group>"; };
/* End PBXFileReference section */

/* Begin PBXFrameworksBuildPhase section */
		4A0000FFFA000001 /* Frameworks */ = {
			isa = PBXFrameworksBuildPhase;
			buildActionMask = 2147483647;
			files = (
			);
			runOnlyForDeploymentPostprocessing = 0;
		};
/* End PBXFrameworksBuildPhase section */

/* Begin PBXGroup section */
		4A0000000FA000001 /* Products */ = {
			isa = PBXGroup;
			children = (
				4A0000000A000001 /* StartupManager.app */,
			);
			name = Products;
			sourceTree = "<group>";
		};
		4A0000010A000001 /* StartupManager */ = {
			isa = PBXGroup;
			children = (
				4A0000002A000001 /* StartupManagerApp.swift */,
				4A0000004A000001 /* ContentView.swift */,
				4A0000023A000001 /* Components */,
				4A0000008A000001 /* LaunchItem.swift */,
				4A000000AA000001 /* LoginItem.swift */,
				4A000000CA000001 /* LaunchAgent.swift */,
				4A000000EA000001 /* LaunchDaemon.swift */,
				4A0000010A000002 /* PlistParser.swift */,
				4A0000012A000001 /* LaunchItemManager.swift */,
				4A0000025A000001 /* BackupManager.swift */,
				4A0000014A000001 /* TransparentWindowView.swift */,
				4A0000006A000001 /* Assets.xcassets */,
			);
			path = StartupManager;
			sourceTree = "<group>";
		};
		4A0000023A000001 /* Components */ = {
			isa = PBXGroup;
			children = (
				4A0000016A000001 /* LaunchItemRow.swift */,
				4A0000018A000001 /* ImpactIndicator.swift */,
				4A0000020A000001 /* SidebarView.swift */,
				4A0000022A000001 /* DetailPanelView.swift */,
			);
			path = Components;
			sourceTree = "<group>";
		};
		4A0000F00A000001 = {
			isa = PBXGroup;
			children = (
				4A0000010A000001 /* StartupManager */,
				4A0000000FA000001 /* Products */,
			);
			sourceTree = "<group>";
		};
/* End PBXGroup section */

/* Begin PBXNativeTarget section */
		4A0000FFEA000001 /* StartupManager */ = {
			isa = PBXNativeTarget;
			buildConfigurationList = 4A0000FFBA000001 /* Build configuration list for PBXNativeTarget "StartupManager" */;
			buildPhases = (
				4A0000FFCA000001 /* Sources */,
				4A0000FFFA000001 /* Frameworks */,
				4A0000FFDA000001 /* Resources */,
			);
			buildRules = (
			);
			dependencies = (
			);
			name = StartupManager;
			productName = StartupManager;
			productReference = 4A0000000A000001 /* StartupManager.app */;
			productType = "com.apple.product-type.application";
		};
/* End PBXNativeTarget section */

/* Begin PBXProject section */
		4A0000FF1A000001 /* Project object */ = {
			isa = PBXProject;
			attributes = {
				BuildIndependentTargetsInParallel = 1;
				LastSwiftUpdateCheck = 1500;
				LastUpgradeCheck = 1500;
				TargetAttributes = {
					4A0000FFEA000001 = {
						CreatedOnToolsVersion = 15.0;
					};
				};
			};
			buildConfigurationList = 4A0000FF4A000001 /* Build configuration list for PBXProject "StartupManager" */;
			compatibilityVersion = "Xcode 14.0";
			developmentRegion = en;
			hasScannedForEncodings = 0;
			knownRegions = (
				en,
				Base,
			);
			mainGroup = 4A0000F00A000001;
			productRefGroup = 4A0000000FA000001 /* Products */;
			projectDirPath = "";
			projectRoot = "";
			targets = (
				4A0000FFEA000001 /* StartupManager */,
			);
		};
/* End PBXProject section */

/* Begin PBXResourcesBuildPhase section */
		4A0000FFDA000001 /* Resources */ = {
			isa = PBXResourcesBuildPhase;
			buildActionMask = 2147483647;
			files = (
				4A0000005A000001 /* Assets.xcassets in Resources */,
			);
			runOnlyForDeploymentPostprocessing = 0;
		};
/* End PBXResourcesBuildPhase section */

/* Begin PBXSourcesBuildPhase section */
		4A0000FFCA000001 /* Sources */ = {
			isa = PBXSourcesBuildPhase;
			buildActionMask = 2147483647;
			files = (
				4A0000003A000001 /* ContentView.swift in Sources */,
				4A0000001A000001 /* StartupManagerApp.swift in Sources */,
				4A0000007A000001 /* LaunchItem.swift in Sources */,
				4A0000009A000001 /* LoginItem.swift in Sources */,
				4A000000BA000001 /* LaunchAgent.swift in Sources */,
				4A000000DA000001 /* LaunchDaemon.swift in Sources */,
				4A000000FA000001 /* PlistParser.swift in Sources */,
				4A0000011A000001 /* LaunchItemManager.swift in Sources */,
				4A0000013A000001 /* TransparentWindowView.swift in Sources */,
				4A0000015A000001 /* LaunchItemRow.swift in Sources */,
				4A0000017A000001 /* ImpactIndicator.swift in Sources */,
				4A0000019A000001 /* SidebarView.swift in Sources */,
				4A0000021A000001 /* DetailPanelView.swift in Sources */,
				4A0000024A000001 /* BackupManager.swift in Sources */,
			);
			runOnlyForDeploymentPostprocessing = 0;
		};
/* End PBXSourcesBuildPhase section */

/* Begin XCBuildConfiguration section */
		4A0000FF2A000001 /* Debug */ = {
			isa = XCBuildConfiguration;
			buildSettings = {
				ALWAYS_SEARCH_USER_PATHS = NO;
				CLANG_ANALYZER_NONNULL = YES;
				CLANG_ANALYZER_NUMBER_OBJECT_CONVERSION = YES_AGGRESSIVE;
				CLANG_CXX_LANGUAGE_STANDARD = "gnu++20";
				CLANG_ENABLE_MODULES = YES;
				CLANG_ENABLE_OBJC_ARC = YES;
				CLANG_ENABLE_OBJC_WEAK = YES;
				CLANG_WARN_BLOCK_CAPTURE_AUTORELEASING = YES;
				CLANG_WARN_BOOL_CONVERSION = YES;
				CLANG_WARN_COMMA = YES;
				CLANG_WARN_CONSTANT_CONVERSION = YES;
				CLANG_WARN_DEPRECATED_OBJC_IMPLEMENTATIONS = YES;
				CLANG_WARN_DIRECT_OBJC_ISA_USAGE = YES_ERROR;
				CLANG_WARN_DOCUMENTATION_COMMENTS = YES;
				CLANG_WARN_EMPTY_BODY = YES;
				CLANG_WARN_ENUM_CONVERSION = YES;
				CLANG_WARN_INFINITE_RECURSION = YES;
				CLANG_WARN_INT_CONVERSION = YES;
				CLANG_WARN_NON_LITERAL_NULL_CONVERSION = YES;
				CLANG_WARN_OBJC_IMPLICIT_RETAIN_SELF = YES;
				CLANG_WARN_OBJC_LITERAL_CONVERSION = YES;
				CLANG_WARN_OBJC_ROOT_CLASS = YES_ERROR;
				CLANG_WARN_QUOTED_INCLUDE_IN_FRAMEWORK_HEADER = YES;
				CLANG_WARN_RANGE_LOOP_ANALYSIS = YES;
				CLANG_WARN_STRICT_PROTOTYPES = YES;
				CLANG_WARN_SUSPICIOUS_MOVE = YES;
				CLANG_WARN_UNGUARDED_AVAILABILITY = YES_AGGRESSIVE;
				CLANG_WARN_UNREACHABLE_CODE = YES;
				CLANG_WARN__DUPLICATE_METHOD_MATCH = YES;
				COPY_PHASE_STRIP = NO;
				DEBUG_INFORMATION_FORMAT = dwarf;
				ENABLE_STRICT_OBJC_MSGSEND = YES;
				ENABLE_TESTABILITY = YES;
				GCC_C_LANGUAGE_STANDARD = gnu17;
				GCC_DYNAMIC_NO_PIC = NO;
				GCC_NO_COMMON_BLOCKS = YES;
				GCC_OPTIMIZATION_LEVEL = 0;
				GCC_PREPROCESSOR_DEFINITIONS = (
					"DEBUG=1",
					"$(inherited)",
				);
				GCC_WARN_64_TO_32_BIT_CONVERSION = YES;
				GCC_WARN_ABOUT_RETURN_TYPE = YES_ERROR;
				GCC_WARN_UNDECLARED_SELECTOR = YES;
				GCC_WARN_UNINITIALIZED_AUTOS = YES_AGGRESSIVE;
				GCC_WARN_UNUSED_FUNCTION = YES;
				GCC_WARN_UNUSED_VARIABLE = YES;
				LOCALIZATION_PREFERS_STRING_CATALOGS = YES;
				MACOSX_DEPLOYMENT_TARGET = 13.0;
				MTL_ENABLE_DEBUG_INFO = INCLUDE_SOURCE;
				MTL_FAST_MATH = YES;
				ONLY_ACTIVE_ARCH = YES;
				SDKROOT = macosx;
				SWIFT_ACTIVE_COMPILATION_CONDITIONS = "DEBUG $(inherited)";
				SWIFT_OPTIMIZATION_LEVEL = "-Onone";
			};
			name = Debug;
		};
		4A0000FF3A000001 /* Release */ = {
			isa = XCBuildConfiguration;
			buildSettings = {
				ALWAYS_SEARCH_USER_PATHS = NO;
				CLANG_ANALYZER_NONNULL = YES;
				CLANG_ANALYZER_NUMBER_OBJECT_CONVERSION = YES_AGGRESSIVE;
				CLANG_CXX_LANGUAGE_STANDARD = "gnu++20";
				CLANG_ENABLE_MODULES = YES;
				CLANG_ENABLE_OBJC_ARC = YES;
				CLANG_ENABLE_OBJC_WEAK = YES;
				CLANG_WARN_BLOCK_CAPTURE_AUTORELEASING = YES;
				CLANG_WARN_BOOL_CONVERSION = YES;
				CLANG_WARN_COMMA = YES;
				CLANG_WARN_CONSTANT_CONVERSION = YES;
				CLANG_WARN_DEPRECATED_OBJC_IMPLEMENTATIONS = YES;
				CLANG_WARN_DIRECT_OBJC_ISA_USAGE = YES_ERROR;
				CLANG_WARN_DOCUMENTATION_COMMENTS = YES;
				CLANG_WARN_EMPTY_BODY = YES;
				CLANG_WARN_ENUM_CONVERSION = YES;
				CLANG_WARN_INFINITE_RECURSION = YES;
				CLANG_WARN_INT_CONVERSION = YES;
				CLANG_WARN_NON_LITERAL_NULL_CONVERSION = YES;
				CLANG_WARN_OBJC_IMPLICIT_RETAIN_SELF = YES;
				CLANG_WARN_OBJC_LITERAL_CONVERSION = YES;
				CLANG_WARN_OBJC_ROOT_CLASS = YES_ERROR;
				CLANG_WARN_QUOTED_INCLUDE_IN_FRAMEWORK_HEADER = YES;
				CLANG_WARN_RANGE_LOOP_ANALYSIS = YES;
				CLANG_WARN_STRICT_PROTOTYPES = YES;
				CLANG_WARN_SUSPICIOUS_MOVE = YES;
				CLANG_WARN_UNGUARDED_AVAILABILITY = YES_AGGRESSIVE;
				CLANG_WARN_UNREACHABLE_CODE = YES;
				CLANG_WARN__DUPLICATE_METHOD_MATCH = YES;
				COPY_PHASE_STRIP = NO;
				DEBUG_INFORMATION_FORMAT = "dwarf-with-dsym";
				ENABLE_NS_ASSERTIONS = NO;
				ENABLE_STRICT_OBJC_MSGSEND = YES;
				GCC_C_LANGUAGE_STANDARD = gnu17;
				GCC_NO_COMMON_BLOCKS = YES;
				GCC_WARN_64_TO_32_BIT_CONVERSION = YES;
				GCC_WARN_ABOUT_RETURN_TYPE = YES_ERROR;
				GCC_WARN_UNDECLARED_SELECTOR = YES;
				GCC_WARN_UNINITIALIZED_AUTOS = YES_AGGRESSIVE;
				GCC_WARN_UNUSED_FUNCTION = YES;
				GCC_WARN_UNUSED_VARIABLE = YES;
				LOCALIZATION_PREFERS_STRING_CATALOGS = YES;
				MACOSX_DEPLOYMENT_TARGET = 13.0;
				MTL_ENABLE_DEBUG_INFO = NO;
				MTL_FAST_MATH = YES;
				SDKROOT = macosx;
				SWIFT_COMPILATION_MODE = wholemodule;
			};
			name = Release;
		};
		4A0000FF5A000001 /* Debug */ = {
			isa = XCBuildConfiguration;
			buildSettings = {
				ASSETCATALOG_COMPILER_APPICON_NAME = AppIcon;
				ASSETCATALOG_COMPILER_GLOBAL_ACCENT_COLOR_NAME = AccentColor;
				CODE_SIGN_STYLE = Automatic;
				COMBINE_HIDPI_IMAGES = YES;
				CURRENT_PROJECT_VERSION = 1;
				DEVELOPMENT_TEAM = "";
				ENABLE_HARDENED_RUNTIME = YES;
				ENABLE_PREVIEWS = YES;
				GENERATE_INFOPLIST_FILE = YES;
				INFOPLIST_KEY_NSHumanReadableCopyright = "";
				LD_RUNPATH_SEARCH_PATHS = (
					"$(inherited)",
					"@executable_path/../Frameworks",
				);
				MACOSX_DEPLOYMENT_TARGET = 26.0;
				MARKETING_VERSION = 1.0;
				PRODUCT_BUNDLE_IDENTIFIER = com.startup.manager;
				PRODUCT_NAME = "$(TARGET_NAME)";
				SWIFT_EMIT_LOC_STRINGS = YES;
				SWIFT_VERSION = 5.0;
			};
			name = Debug;
		};
		4A0000FF6A000001 /* Release */ = {
			isa = XCBuildConfiguration;
			buildSettings = {
				ASSETCATALOG_COMPILER_APPICON_NAME = AppIcon;
				ASSETCATALOG_COMPILER_GLOBAL_ACCENT_COLOR_NAME = AccentColor;
				CODE_SIGN_STYLE = Automatic;
				COMBINE_HIDPI_IMAGES = YES;
				CURRENT_PROJECT_VERSION = 1;
				DEVELOPMENT_TEAM = "";
				ENABLE_HARDENED_RUNTIME = YES;
				ENABLE_PREVIEWS = YES;
				GENERATE_INFOPLIST_FILE = YES;
				INFOPLIST_KEY_NSHumanReadableCopyright = "";
				LD_RUNPATH_SEARCH_PATHS = (
					"$(inherited)",
					"@executable_path/../Frameworks",
				);
				MACOSX_DEPLOYMENT_TARGET = 26.0;
				MARKETING_VERSION = 1.0;
				PRODUCT_BUNDLE_IDENTIFIER = com.startup.manager;
				PRODUCT_NAME = "$(TARGET_NAME)";
				SWIFT_EMIT_LOC_STRINGS = YES;
				SWIFT_VERSION = 5.0;
			};
			name = Release;
		};
/* End XCBuildConfiguration section */

/* Begin XCConfigurationList section */
		4A0000FF4A000001 /* Build configuration list for PBXProject "StartupManager" */ = {
			isa = XCConfigurationList;
			buildConfigurations = (
				4A0000FF2A000001 /* Debug */,
				4A0000FF3A000001 /* Release */,
			);
			defaultConfigurationIsVisible = 0;
			defaultConfigurationName = Release;
		};
		4A0000FFBA000001 /* Build configuration list for PBXNativeTarget "StartupManager" */ = {
			isa = XCConfigurationList;
			buildConfigurations = (
				4A0000FF5A000001 /* Debug */,
				4A0000FF6A000001 /* Release */,
			);
			defaultConfigurationIsVisible = 0;
			defaultConfigurationName = Release;
		};
/* End XCConfigurationList section */
	};
	rootObject = 4A0000FF1A000001 /* Project object */;
}
